{
  "name": "red-pen",
  "version": "1.0.0",
  "lockfileVersion": 1,
  "requires": true,
  "dependencies": {
    "@codemirror/state": {
      "version": "6.2.1",
      "resolved": "https://registry.npmjs.org/@codemirror/state/-/state-6.2.1.tgz",
      "integrity": "sha512-RupHSZ8+OjNT38zU9fKH2sv+Dnlr8Eb8sl4NOnnqz95mCFTZUaiRP8Xv5MeeaG0px2b8Bnfe7YGwCV3nsBhbuw=="
    },
    "@codemirror/view": {
      "version": "6.14.1",
      "resolved": "https://registry.npmjs.org/@codemirror/view/-/view-6.14.1.tgz",
      "integrity": "sha512-ofcsI7lRFo4N0rfnd+V3Gh2boQU3DmaaSKhDOvXUWjeOeuupMXer2e/3i9TUFN7aEIntv300EFBWPEiYVm2svg==",
      "requires": {
        "@codemirror/state": "^6.1.4",
        "style-mod": "^4.0.0",
        "w3c-keyname": "^2.2.4"
      }
    },
    "@esbuild/android-arm": {
      "version": "0.17.3",
      "resolved": "https://registry.npmjs.org/@esbuild/android-arm/-/android-arm-0.17.3.tgz",
      "integrity": "sha512-1Mlz934GvbgdDmt26rTLmf03cAgLg5HyOgJN+ZGCeP3Q9ynYTNMn2/LQxIl7Uy+o4K6Rfi2OuLsr12JQQR8gNg==",
      "dev": true,
      "optional": true
    },
    "@esbuild/android-arm64": {
      "version": "0.17.3",
      "resolved": "https://registry.npmjs.org/@esbuild/android-arm64/-/android-arm64-0.17.3.tgz",
      "integrity": "sha512-XvJsYo3dO3Pi4kpalkyMvfQsjxPWHYjoX4MDiB/FUM4YMfWcXa5l4VCwFWVYI1+92yxqjuqrhNg0CZg3gSouyQ==",
      "dev": true,
      "optional": true
    },
    "@esbuild/android-x64": {
      "version": "0.17.3",
      "resolved": "https://registry.npmjs.org/@esbuild/android-x64/-/android-x64-0.17.3.tgz",
      "integrity": "sha512-nuV2CmLS07Gqh5/GrZLuqkU9Bm6H6vcCspM+zjp9TdQlxJtIe+qqEXQChmfc7nWdyr/yz3h45Utk1tUn8Cz5+A==",
      "dev": true,
      "optional": true
    },
    "@esbuild/darwin-arm64": {
      "version": "0.17.3",
      "resolved": "https://registry.npmjs.org/@esbuild/darwin-arm64/-/darwin-arm64-0.17.3.tgz",
      "integrity": "sha512-01Hxaaat6m0Xp9AXGM8mjFtqqwDjzlMP0eQq9zll9U85ttVALGCGDuEvra5Feu/NbP5AEP1MaopPwzsTcUq1cw==",
      "dev": true,
      "optional": true
    },
    "@esbuild/darwin-x64": {
      "version": "0.17.3",
      "resolved": "https://registry.npmjs.org/@esbuild/darwin-x64/-/darwin-x64-0.17.3.tgz",
      "integrity": "sha512-Eo2gq0Q/er2muf8Z83X21UFoB7EU6/m3GNKvrhACJkjVThd0uA+8RfKpfNhuMCl1bKRfBzKOk6xaYKQZ4lZqvA==",
      "dev": true,
      "optional": true
    },
    "@esbuild/freebsd-arm64": {
      "version": "0.17.3",
      "resolved": "https://registry.npmjs.org/@esbuild/freebsd-arm64/-/freebsd-arm64-0.17.3.tgz",
      "integrity": "sha512-CN62ESxaquP61n1ZjQP/jZte8CE09M6kNn3baos2SeUfdVBkWN5n6vGp2iKyb/bm/x4JQzEvJgRHLGd5F5b81w==",
      "dev": true,
      "optional": true
    },
    "@esbuild/freebsd-x64": {
      "version": "0.17.3",
      "resolved": "https://registry.npmjs.org/@esbuild/freebsd-x64/-/freebsd-x64-0.17.3.tgz",
      "integrity": "sha512-feq+K8TxIznZE+zhdVurF3WNJ/Sa35dQNYbaqM/wsCbWdzXr5lyq+AaTUSER2cUR+SXPnd/EY75EPRjf4s1SLg==",
      "dev": true,
      "optional": true
    },
    "@esbuild/linux-arm": {
      "version": "0.17.3",
      "resolved": "https://registry.npmjs.org/@esbuild/linux-arm/-/linux-arm-0.17.3.tgz",
      "integrity": "sha512-CLP3EgyNuPcg2cshbwkqYy5bbAgK+VhyfMU7oIYyn+x4Y67xb5C5ylxsNUjRmr8BX+MW3YhVNm6Lq6FKtRTWHQ==",
      "dev": true,
      "optional": true
    },
    "@esbuild/linux-arm64": {
      "version": "0.17.3",
      "resolved": "https://registry.npmjs.org/@esbuild/linux-arm64/-/linux-arm64-0.17.3.tgz",
      "integrity": "sha512-JHeZXD4auLYBnrKn6JYJ0o5nWJI9PhChA/Nt0G4MvLaMrvXuWnY93R3a7PiXeJQphpL1nYsaMcoV2QtuvRnF/g==",
      "dev": true,
      "optional": true
    },
    "@esbuild/linux-ia32": {
      "version": "0.17.3",
      "resolved": "https://registry.npmjs.org/@esbuild/linux-ia32/-/linux-ia32-0.17.3.tgz",
      "integrity": "sha512-FyXlD2ZjZqTFh0sOQxFDiWG1uQUEOLbEh9gKN/7pFxck5Vw0qjWSDqbn6C10GAa1rXJpwsntHcmLqydY9ST9ZA==",
      "dev": true,
      "optional": true
    },
    "@esbuild/linux-loong64": {
      "version": "0.17.3",
      "resolved": "https://registry.npmjs.org/@esbuild/linux-loong64/-/linux-loong64-0.17.3.tgz",
      "integrity": "sha512-OrDGMvDBI2g7s04J8dh8/I7eSO+/E7nMDT2Z5IruBfUO/RiigF1OF6xoH33Dn4W/OwAWSUf1s2nXamb28ZklTA==",
      "dev": true,
      "optional": true
    },
    "@esbuild/linux-mips64el": {
      "version": "0.17.3",
      "resolved": "https://registry.npmjs.org/@esbuild/linux-mips64el/-/linux-mips64el-0.17.3.tgz",
      "integrity": "sha512-DcnUpXnVCJvmv0TzuLwKBC2nsQHle8EIiAJiJ+PipEVC16wHXaPEKP0EqN8WnBe0TPvMITOUlP2aiL5YMld+CQ==",
      "dev": true,
      "optional": true
    },
    "@esbuild/linux-ppc64": {
      "version": "0.17.3",
      "resolved": "https://registry.npmjs.org/@esbuild/linux-ppc64/-/linux-ppc64-0.17.3.tgz",
      "integrity": "sha512-BDYf/l1WVhWE+FHAW3FzZPtVlk9QsrwsxGzABmN4g8bTjmhazsId3h127pliDRRu5674k1Y2RWejbpN46N9ZhQ==",
      "dev": true,
      "optional": true
    },
    "@esbuild/linux-riscv64": {
      "version": "0.17.3",
      "resolved": "https://registry.npmjs.org/@esbuild/linux-riscv64/-/linux-riscv64-0.17.3.tgz",
      "integrity": "sha512-WViAxWYMRIi+prTJTyV1wnqd2mS2cPqJlN85oscVhXdb/ZTFJdrpaqm/uDsZPGKHtbg5TuRX/ymKdOSk41YZow==",
      "dev": true,
      "optional": true
    },
    "@esbuild/linux-s390x": {
      "version": "0.17.3",
      "resolved": "https://registry.npmjs.org/@esbuild/linux-s390x/-/linux-s390x-0.17.3.tgz",
      "integrity": "sha512-Iw8lkNHUC4oGP1O/KhumcVy77u2s6+KUjieUqzEU3XuWJqZ+AY7uVMrrCbAiwWTkpQHkr00BuXH5RpC6Sb/7Ug==",
      "dev": true,
      "optional": true
    },
    "@esbuild/linux-x64": {
      "version": "0.17.3",
      "resolved": "https://registry.npmjs.org/@esbuild/linux-x64/-/linux-x64-0.17.3.tgz",
      "integrity": "sha512-0AGkWQMzeoeAtXQRNB3s4J1/T2XbigM2/Mn2yU1tQSmQRmHIZdkGbVq2A3aDdNslPyhb9/lH0S5GMTZ4xsjBqg==",
      "dev": true,
      "optional": true
    },
    "@esbuild/netbsd-x64": {
      "version": "0.17.3",
      "resolved": "https://registry.npmjs.org/@esbuild/netbsd-x64/-/netbsd-x64-0.17.3.tgz",
      "integrity": "sha512-4+rR/WHOxIVh53UIQIICryjdoKdHsFZFD4zLSonJ9RRw7bhKzVyXbnRPsWSfwybYqw9sB7ots/SYyufL1mBpEg==",
      "dev": true,
      "optional": true
    },
    "@esbuild/openbsd-x64": {
      "version": "0.17.3",
      "resolved": "https://registry.npmjs.org/@esbuild/openbsd-x64/-/openbsd-x64-0.17.3.tgz",
      "integrity": "sha512-cVpWnkx9IYg99EjGxa5Gc0XmqumtAwK3aoz7O4Dii2vko+qXbkHoujWA68cqXjhh6TsLaQelfDO4MVnyr+ODeA==",
      "dev": true,
      "optional": true
    },
    "@esbuild/sunos-x64": {
      "version": "0.17.3",
      "resolved": "https://registry.npmjs.org/@esbuild/sunos-x64/-/sunos-x64-0.17.3.tgz",
      "integrity": "sha512-RxmhKLbTCDAY2xOfrww6ieIZkZF+KBqG7S2Ako2SljKXRFi+0863PspK74QQ7JpmWwncChY25JTJSbVBYGQk2Q==",
      "dev": true,
      "optional": true
    },
    "@esbuild/win32-arm64": {
      "version": "0.17.3",
      "resolved": "https://registry.npmjs.org/@esbuild/win32-arm64/-/win32-arm64-0.17.3.tgz",
      "integrity": "sha512-0r36VeEJ4efwmofxVJRXDjVRP2jTmv877zc+i+Pc7MNsIr38NfsjkQj23AfF7l0WbB+RQ7VUb+LDiqC/KY/M/A==",
      "dev": true,
      "optional": true
    },
    "@esbuild/win32-ia32": {
      "version": "0.17.3",
      "resolved": "https://registry.npmjs.org/@esbuild/win32-ia32/-/win32-ia32-0.17.3.tgz",
      "integrity": "sha512-wgO6rc7uGStH22nur4aLFcq7Wh86bE9cOFmfTr/yxN3BXvDEdCSXyKkO+U5JIt53eTOgC47v9k/C1bITWL/Teg==",
      "dev": true,
      "optional": true
    },
    "@esbuild/win32-x64": {
      "version": "0.17.3",
      "resolved": "https://registry.npmjs.org/@esbuild/win32-x64/-/win32-x64-0.17.3.tgz",
      "integrity": "sha512-FdVl64OIuiKjgXBjwZaJLKp0eaEckifbhn10dXWhysMJkWblg3OEEGKSIyhiD5RSgAya8WzP3DNkngtIg3Nt7g==",
      "dev": true,
      "optional": true
    },
    "@nodelib/fs.scandir": {
      "version": "2.1.5",
      "resolved": "https://registry.npmjs.org/@nodelib/fs.scandir/-/fs.scandir-2.1.5.tgz",
      "integrity": "sha512-vq24Bq3ym5HEQm2NKCr3yXDwjc7vTsEThRDnkp2DK9p1uqLR+DHurm/NOTo0KG7HYHU7eppKZj3MyqYuMBf62g==",
      "dev": true,
      "requires": {
        "@nodelib/fs.stat": "2.0.5",
        "run-parallel": "^1.1.9"
      }
    },
    "@nodelib/fs.stat": {
      "version": "2.0.5",
      "resolved": "https://registry.npmjs.org/@nodelib/fs.stat/-/fs.stat-2.0.5.tgz",
      "integrity": "sha512-RkhPPp2zrqDAQA/2jNhnztcPAlv64XdhIp7a7454A5ovI7Bukxgt7MX7udwAu3zg1DcpPU0rz3VV1SeaqvY4+A==",
      "dev": true
    },
    "@nodelib/fs.walk": {
      "version": "1.2.8",
      "resolved": "https://registry.npmjs.org/@nodelib/fs.walk/-/fs.walk-1.2.8.tgz",
      "integrity": "sha512-oGB+UxlgWcgQkgwo8GcEGwemoTFt3FIO9ababBmaGwXIoBKZ+GTy0pP185beGg7Llih/NSHSV2XAs1lnznocSg==",
      "dev": true,
      "requires": {
        "@nodelib/fs.scandir": "2.1.5",
        "fastq": "^1.6.0"
      }
    },
    "@types/codemirror": {
      "version": "5.60.8",
      "resolved": "https://registry.npmjs.org/@types/codemirror/-/codemirror-5.60.8.tgz",
      "integrity": "sha512-VjFgDF/eB+Aklcy15TtOTLQeMjTo07k7KAjql8OK5Dirr7a6sJY4T1uVBDuTVG9VEmn1uUsohOpYnVfgC6/jyw==",
      "dev": true,
      "requires": {
        "@types/tern": "*"
      }
    },
    "@types/estree": {
      "version": "1.0.1",
      "resolved": "https://registry.npmjs.org/@types/estree/-/estree-1.0.1.tgz",
      "integrity": "sha512-LG4opVs2ANWZ1TJoKc937iMmNstM/d0ae1vNbnBvBhqCSezgVUOzcLCqbI5elV8Vy6WKwKjaqR+zO9VKirBBCA==",
      "dev": true
    },
    "@types/json-schema": {
      "version": "7.0.12",
      "resolved": "https://registry.npmjs.org/@types/json-schema/-/json-schema-7.0.12.tgz",
      "integrity": "sha512-Hr5Jfhc9eYOQNPYO5WLDq/n4jqijdHNlDXjuAQkkt+mWdQR+XJToOHrsD4cPaMXpn6KO7y2+wM8AZEs8VpBLVA==",
      "dev": true
    },
    "@types/nlcst": {
      "version": "1.0.1",
      "resolved": "https://registry.npmjs.org/@types/nlcst/-/nlcst-1.0.1.tgz",
      "integrity": "sha512-aVIyXt6pZiiMOtVByE4Y0gf+BLm1Cxc4ZLSK8VRHn1CgkO+kXbQwN/EBhQmhPdBMjFJCMBKtmNW2zWQuFywz8Q==",
      "requires": {
        "@types/unist": "^2"
      }
    },
    "@types/node": {
      "version": "16.18.38",
      "resolved": "https://registry.npmjs.org/@types/node/-/node-16.18.38.tgz",
      "integrity": "sha512-6sfo1qTulpVbkxECP+AVrHV9OoJqhzCsfTNp5NIG+enM4HyM3HvZCO798WShIXBN0+QtDIcutJCjsVYnQP5rIQ==",
      "dev": true
    },
    "@types/pluralize": {
      "version": "0.0.29",
      "resolved": "https://registry.npmjs.org/@types/pluralize/-/pluralize-0.0.29.tgz",
      "integrity": "sha512-BYOID+l2Aco2nBik+iYS4SZX0Lf20KPILP5RGmM1IgzdwNdTs0eebiFriOPcej1sX9mLnSoiNte5zcFxssgpGA=="
    },
    "@types/tern": {
      "version": "0.23.4",
      "resolved": "https://registry.npmjs.org/@types/tern/-/tern-0.23.4.tgz",
      "integrity": "sha512-JAUw1iXGO1qaWwEOzxTKJZ/5JxVeON9kvGZ/osgZaJImBnyjyn0cjovPsf6FNLmyGY8Vw9DoXZCMlfMkMwHRWg==",
      "dev": true,
      "requires": {
        "@types/estree": "*"
      }
    },
    "@types/unist": {
      "version": "2.0.7",
      "resolved": "https://registry.npmjs.org/@types/unist/-/unist-2.0.7.tgz",
      "integrity": "sha512-cputDpIbFgLUaGQn6Vqg3/YsJwxUwHLO13v3i5ouxT4lat0khip9AEWxtERujXV9wxIB1EyF97BSJFt6vpdI8g=="
    },
    "@typescript-eslint/eslint-plugin": {
      "version": "5.29.0",
      "resolved": "https://registry.npmjs.org/@typescript-eslint/eslint-plugin/-/eslint-plugin-5.29.0.tgz",
      "integrity": "sha512-kgTsISt9pM53yRFQmLZ4npj99yGl3x3Pl7z4eA66OuTzAGC4bQB5H5fuLwPnqTKU3yyrrg4MIhjF17UYnL4c0w==",
      "dev": true,
      "requires": {
        "@typescript-eslint/scope-manager": "5.29.0",
        "@typescript-eslint/type-utils": "5.29.0",
        "@typescript-eslint/utils": "5.29.0",
        "debug": "^4.3.4",
        "functional-red-black-tree": "^1.0.1",
        "ignore": "^5.2.0",
        "regexpp": "^3.2.0",
        "semver": "^7.3.7",
        "tsutils": "^3.21.0"
      }
    },
    "@typescript-eslint/parser": {
      "version": "5.29.0",
      "resolved": "https://registry.npmjs.org/@typescript-eslint/parser/-/parser-5.29.0.tgz",
      "integrity": "sha512-ruKWTv+x0OOxbzIw9nW5oWlUopvP/IQDjB5ZqmTglLIoDTctLlAJpAQFpNPJP/ZI7hTT9sARBosEfaKbcFuECw==",
      "dev": true,
      "requires": {
        "@typescript-eslint/scope-manager": "5.29.0",
        "@typescript-eslint/types": "5.29.0",
        "@typescript-eslint/typescript-estree": "5.29.0",
        "debug": "^4.3.4"
      }
    },
    "@typescript-eslint/scope-manager": {
      "version": "5.29.0",
      "resolved": "https://registry.npmjs.org/@typescript-eslint/scope-manager/-/scope-manager-5.29.0.tgz",
      "integrity": "sha512-etbXUT0FygFi2ihcxDZjz21LtC+Eps9V2xVx09zFoN44RRHPrkMflidGMI+2dUs821zR1tDS6Oc9IXxIjOUZwA==",
      "dev": true,
      "requires": {
        "@typescript-eslint/types": "5.29.0",
        "@typescript-eslint/visitor-keys": "5.29.0"
      }
    },
    "@typescript-eslint/type-utils": {
      "version": "5.29.0",
      "resolved": "https://registry.npmjs.org/@typescript-eslint/type-utils/-/type-utils-5.29.0.tgz",
      "integrity": "sha512-JK6bAaaiJozbox3K220VRfCzLa9n0ib/J+FHIwnaV3Enw/TO267qe0pM1b1QrrEuy6xun374XEAsRlA86JJnyg==",
      "dev": true,
      "requires": {
        "@typescript-eslint/utils": "5.29.0",
        "debug": "^4.3.4",
        "tsutils": "^3.21.0"
      }
    },
    "@typescript-eslint/types": {
      "version": "5.29.0",
      "resolved": "https://registry.npmjs.org/@typescript-eslint/types/-/types-5.29.0.tgz",
      "integrity": "sha512-X99VbqvAXOMdVyfFmksMy3u8p8yoRGITgU1joBJPzeYa0rhdf5ok9S56/itRoUSh99fiDoMtarSIJXo7H/SnOg==",
      "dev": true
    },
    "@typescript-eslint/typescript-estree": {
      "version": "5.29.0",
      "resolved": "https://registry.npmjs.org/@typescript-eslint/typescript-estree/-/typescript-estree-5.29.0.tgz",
      "integrity": "sha512-mQvSUJ/JjGBdvo+1LwC+GY2XmSYjK1nAaVw2emp/E61wEVYEyibRHCqm1I1vEKbXCpUKuW4G7u9ZCaZhJbLoNQ==",
      "dev": true,
      "requires": {
        "@typescript-eslint/types": "5.29.0",
        "@typescript-eslint/visitor-keys": "5.29.0",
        "debug": "^4.3.4",
        "globby": "^11.1.0",
        "is-glob": "^4.0.3",
        "semver": "^7.3.7",
        "tsutils": "^3.21.0"
      }
    },
    "@typescript-eslint/utils": {
      "version": "5.29.0",
      "resolved": "https://registry.npmjs.org/@typescript-eslint/utils/-/utils-5.29.0.tgz",
      "integrity": "sha512-3Eos6uP1nyLOBayc/VUdKZikV90HahXE5Dx9L5YlSd/7ylQPXhLk1BYb29SDgnBnTp+jmSZUU0QxUiyHgW4p7A==",
      "dev": true,
      "requires": {
        "@types/json-schema": "^7.0.9",
        "@typescript-eslint/scope-manager": "5.29.0",
        "@typescript-eslint/types": "5.29.0",
        "@typescript-eslint/typescript-estree": "5.29.0",
        "eslint-scope": "^5.1.1",
        "eslint-utils": "^3.0.0"
      }
    },
    "@typescript-eslint/visitor-keys": {
      "version": "5.29.0",
      "resolved": "https://registry.npmjs.org/@typescript-eslint/visitor-keys/-/visitor-keys-5.29.0.tgz",
      "integrity": "sha512-Hpb/mCWsjILvikMQoZIE3voc9wtQcS0A9FUw3h8bhr9UxBdtI/tw1ZDZUOXHXLOVMedKCH5NxyzATwnU78bWCQ==",
      "dev": true,
      "requires": {
        "@typescript-eslint/types": "5.29.0",
        "eslint-visitor-keys": "^3.3.0"
      }
    },
    "array-iterate": {
      "version": "2.0.1",
      "resolved": "https://registry.npmjs.org/array-iterate/-/array-iterate-2.0.1.tgz",
      "integrity": "sha512-I1jXZMjAgCMmxT4qxXfPXa6SthSoE8h6gkSI9BGGNv8mP8G/v0blc+qFnZu6K42vTOiuME596QaLO0TP3Lk0xg=="
    },
    "array-union": {
      "version": "2.1.0",
      "resolved": "https://registry.npmjs.org/array-union/-/array-union-2.1.0.tgz",
      "integrity": "sha512-HGyxoOTYUyCM6stUe6EJgnd4EoewAI7zMdfqO+kGjnlZmBDz/cR5pf8r/cR4Wq60sL/p0IkcjUEEPwS3GFrIyw==",
      "dev": true
    },
    "automated-readability": {
      "version": "2.0.1",
      "resolved": "https://registry.npmjs.org/automated-readability/-/automated-readability-2.0.1.tgz",
      "integrity": "sha512-/csT54oO/8qjtqaCZoNqA0srbHv3z1YAxj0ee4UQkYC7x6lb6jU0f9LIo7DLJKHWSEI4nsvnFyy34vILDqA7xw=="
    },
    "bail": {
      "version": "2.0.2",
      "resolved": "https://registry.npmjs.org/bail/-/bail-2.0.2.tgz",
      "integrity": "sha512-0xO6mYd7JB2YesxDKplafRpsiOzPt9V02ddPCLbY1xYGPOX24NTyN50qnUxgCPcSoYMhKpAuBTjQoRZCAkUDRw=="
    },
    "braces": {
      "version": "3.0.2",
      "resolved": "https://registry.npmjs.org/braces/-/braces-3.0.2.tgz",
      "integrity": "sha512-b8um+L1RzM3WDSzvhm6gIz1yfTbBt6YTlcEKAvsmqCZZFw46z626lVj9j1yEPW33H5H+lBQpZMP1k8l+78Ha0A==",
      "dev": true,
      "requires": {
        "fill-range": "^7.0.1"
      }
    },
    "builtin-modules": {
      "version": "3.3.0",
      "resolved": "https://registry.npmjs.org/builtin-modules/-/builtin-modules-3.3.0.tgz",
      "integrity": "sha512-zhaCDicdLuWN5UbN5IMnFqNMhNfo919sH85y2/ea+5Yg9TsTkeZxpL+JLbp6cgYFS4sRLp3YV4S6yDuqVWHYOw==",
      "dev": true
    },
    "ccount": {
      "version": "2.0.1",
      "resolved": "https://registry.npmjs.org/ccount/-/ccount-2.0.1.tgz",
      "integrity": "sha512-eyrF0jiFpY+3drT6383f1qhkbGsLSifNAjA61IUjZjmLCWjItY6LB9ft9YhoDgwfmclB2zhu51Lc7+95b8NRAg=="
    },
    "coleman-liau": {
      "version": "2.0.1",
      "resolved": "https://registry.npmjs.org/coleman-liau/-/coleman-liau-2.0.1.tgz",
      "integrity": "sha512-ZzleDGwOd+/0rrNHs1PI3ZIiT9M0tBynXpTJqbzSmFqIjcoJRTbzVWZZMHDsy/wte5/uSeLdMKMRHFb/BUU+tg=="
    },
    "dale-chall": {
      "version": "2.0.1",
      "resolved": "https://registry.npmjs.org/dale-chall/-/dale-chall-2.0.1.tgz",
      "integrity": "sha512-PcTrFy9XMcnIaGa3qe8KBL+zSxqR224TDi9WZ2un4o9RAutxAjMaCrQ5BQ5QdB0CyFv/SC/Px4d7ORhaJq6T1Q=="
    },
    "dale-chall-formula": {
      "version": "2.0.1",
      "resolved": "https://registry.npmjs.org/dale-chall-formula/-/dale-chall-formula-2.0.1.tgz",
      "integrity": "sha512-9A791oPeYzQIpNEx6Yo0xI5GzkqE+7+H0e+elqlfpMBXOOTzTTEY28iLO+wgjmI39idov/w5Z09cgfGQsP3TUw=="
    },
    "debug": {
      "version": "4.3.4",
      "resolved": "https://registry.npmjs.org/debug/-/debug-4.3.4.tgz",
      "integrity": "sha512-PRWFHuSU3eDtQJPvnNY7Jcket1j0t5OuOsFzPPzsekD52Zl8qUfFIPEiswXqIvHWGVHOgX+7G/vCNNhehwxfkQ==",
      "dev": true,
      "requires": {
        "ms": "2.1.2"
      }
    },
    "dir-glob": {
      "version": "3.0.1",
      "resolved": "https://registry.npmjs.org/dir-glob/-/dir-glob-3.0.1.tgz",
      "integrity": "sha512-WkrWp9GR4KXfKGYzOLmTuGVi1UWFfws377n9cc55/tb6DuqyF6pcQ5AbiHEshaDpY9v6oaSr2XCDidGmMwdzIA==",
      "dev": true,
      "requires": {
        "path-type": "^4.0.0"
      }
    },
    "esbuild": {
      "version": "0.17.3",
      "resolved": "https://registry.npmjs.org/esbuild/-/esbuild-0.17.3.tgz",
      "integrity": "sha512-9n3AsBRe6sIyOc6kmoXg2ypCLgf3eZSraWFRpnkto+svt8cZNuKTkb1bhQcitBcvIqjNiK7K0J3KPmwGSfkA8g==",
      "dev": true,
      "requires": {
        "@esbuild/android-arm": "0.17.3",
        "@esbuild/android-arm64": "0.17.3",
        "@esbuild/android-x64": "0.17.3",
        "@esbuild/darwin-arm64": "0.17.3",
        "@esbuild/darwin-x64": "0.17.3",
        "@esbuild/freebsd-arm64": "0.17.3",
        "@esbuild/freebsd-x64": "0.17.3",
        "@esbuild/linux-arm": "0.17.3",
        "@esbuild/linux-arm64": "0.17.3",
        "@esbuild/linux-ia32": "0.17.3",
        "@esbuild/linux-loong64": "0.17.3",
        "@esbuild/linux-mips64el": "0.17.3",
        "@esbuild/linux-ppc64": "0.17.3",
        "@esbuild/linux-riscv64": "0.17.3",
        "@esbuild/linux-s390x": "0.17.3",
        "@esbuild/linux-x64": "0.17.3",
        "@esbuild/netbsd-x64": "0.17.3",
        "@esbuild/openbsd-x64": "0.17.3",
        "@esbuild/sunos-x64": "0.17.3",
        "@esbuild/win32-arm64": "0.17.3",
        "@esbuild/win32-ia32": "0.17.3",
        "@esbuild/win32-x64": "0.17.3"
      }
    },
    "eslint-scope": {
      "version": "5.1.1",
      "resolved": "https://registry.npmjs.org/eslint-scope/-/eslint-scope-5.1.1.tgz",
      "integrity": "sha512-2NxwbF/hZ0KpepYN0cNbo+FN6XoK7GaHlQhgx/hIZl6Va0bF45RQOOwhLIy8lQDbuCiadSLCBnH2CFYquit5bw==",
      "dev": true,
      "requires": {
        "esrecurse": "^4.3.0",
        "estraverse": "^4.1.1"
      }
    },
    "eslint-utils": {
      "version": "3.0.0",
      "resolved": "https://registry.npmjs.org/eslint-utils/-/eslint-utils-3.0.0.tgz",
      "integrity": "sha512-uuQC43IGctw68pJA1RgbQS8/NP7rch6Cwd4j3ZBtgo4/8Flj4eGE7ZYSZRN3iq5pVUv6GPdW5Z1RFleo84uLDA==",
      "dev": true,
      "requires": {
        "eslint-visitor-keys": "^2.0.0"
      },
      "dependencies": {
        "eslint-visitor-keys": {
          "version": "2.1.0",
          "resolved": "https://registry.npmjs.org/eslint-visitor-keys/-/eslint-visitor-keys-2.1.0.tgz",
          "integrity": "sha512-0rSmRBzXgDzIsD6mGdJgevzgezI534Cer5L/vyMX0kHzT/jiB43jRhd9YUlMGYLQy2zprNmoT8qasCGtY+QaKw==",
          "dev": true
        }
      }
    },
    "eslint-visitor-keys": {
      "version": "3.4.1",
      "resolved": "https://registry.npmjs.org/eslint-visitor-keys/-/eslint-visitor-keys-3.4.1.tgz",
      "integrity": "sha512-pZnmmLwYzf+kWaM/Qgrvpen51upAktaaiI01nsJD/Yr3lMOdNtq0cxkrrg16w64VtisN6okbs7Q8AfGqj4c9fA==",
      "dev": true
    },
    "esrecurse": {
      "version": "4.3.0",
      "resolved": "https://registry.npmjs.org/esrecurse/-/esrecurse-4.3.0.tgz",
      "integrity": "sha512-KmfKL3b6G+RXvP8N1vr3Tq1kL/oCFgn2NYXEtqP8/L3pKapUA4G8cFVaoF3SU323CD4XypR/ffioHmkti6/Tag==",
      "dev": true,
      "requires": {
        "estraverse": "^5.2.0"
      },
      "dependencies": {
        "estraverse": {
          "version": "5.3.0",
          "resolved": "https://registry.npmjs.org/estraverse/-/estraverse-5.3.0.tgz",
          "integrity": "sha512-MMdARuVEQziNTeJD8DgMqmhwR11BRQ/cBP+pLtYdSTnf3MIO8fFeiINEbX36ZdNlfU/7A9f3gUw49B3oQsvwBA==",
          "dev": true
        }
      }
    },
    "estraverse": {
      "version": "4.3.0",
      "resolved": "https://registry.npmjs.org/estraverse/-/estraverse-4.3.0.tgz",
      "integrity": "sha512-39nnKffWz8xN1BU/2c79n9nB9HDzo0niYUqx6xyqUnyoAnQyyWpOTdZEeiCch8BBu515t4wp9ZmgVfVhn9EBpw==",
      "dev": true
    },
    "extend": {
      "version": "3.0.2",
      "resolved": "https://registry.npmjs.org/extend/-/extend-3.0.2.tgz",
      "integrity": "sha512-fjquC59cD7CyW6urNXK0FBufkZcoiGG80wTuPujX590cB5Ttln20E2UB4S/WARVqhXffZl2LNgS+gQdPIIim/g=="
    },
    "fast-glob": {
      "version": "3.3.0",
      "resolved": "https://registry.npmjs.org/fast-glob/-/fast-glob-3.3.0.tgz",
      "integrity": "sha512-ChDuvbOypPuNjO8yIDf36x7BlZX1smcUMTTcyoIjycexOxd6DFsKsg21qVBzEmr3G7fUKIRy2/psii+CIUt7FA==",
      "dev": true,
      "requires": {
        "@nodelib/fs.stat": "^2.0.2",
        "@nodelib/fs.walk": "^1.2.3",
        "glob-parent": "^5.1.2",
        "merge2": "^1.3.0",
        "micromatch": "^4.0.4"
      }
    },
    "fastq": {
      "version": "1.15.0",
      "resolved": "https://registry.npmjs.org/fastq/-/fastq-1.15.0.tgz",
      "integrity": "sha512-wBrocU2LCXXa+lWBt8RoIRD89Fi8OdABODa/kEnyeyjS5aZO5/GNvI5sEINADqP/h8M29UHTHUb53sUu5Ihqdw==",
      "dev": true,
      "requires": {
        "reusify": "^1.0.4"
      }
    },
    "fill-range": {
      "version": "7.0.1",
      "resolved": "https://registry.npmjs.org/fill-range/-/fill-range-7.0.1.tgz",
      "integrity": "sha512-qOo9F+dMUmC2Lcb4BbVvnKJxTPjCm+RRpe4gDuGrzkL7mEVl/djYSu2OdQ2Pa302N4oqkSg9ir6jaLWJ2USVpQ==",
      "dev": true,
      "requires": {
        "to-regex-range": "^5.0.1"
      }
    },
    "fillers": {
      "version": "2.0.1",
      "resolved": "https://registry.npmjs.org/fillers/-/fillers-2.0.1.tgz",
      "integrity": "sha512-VrPqzZILeo5U0vc32VlJl0cwseV/Vpe3uRFM2e9MQy2YlG0cSCnZeJ/wsR1TBJcQKTuOSrRb5GPqRiasyKP5OQ=="
    },
    "flesch": {
      "version": "2.0.1",
      "resolved": "https://registry.npmjs.org/flesch/-/flesch-2.0.1.tgz",
      "integrity": "sha512-bNr6zn2sjSOrgt8KINjAqWjGVx59Td8kz6Rb9JK9QmX0KYj46SS2e+7P7JaXcMOBEKr4nGuCiET7KHEhzjXtng=="
    },
    "functional-red-black-tree": {
      "version": "1.0.1",
      "resolved": "https://registry.npmjs.org/functional-red-black-tree/-/functional-red-black-tree-1.0.1.tgz",
      "integrity": "sha512-dsKNQNdj6xA3T+QlADDA7mOSlX0qiMINjn0cgr+eGHGsbSHzTabcIogz2+p/iqP1Xs6EP/sS2SbqH+brGTbq0g==",
      "dev": true
    },
    "glob-parent": {
      "version": "5.1.2",
      "resolved": "https://registry.npmjs.org/glob-parent/-/glob-parent-5.1.2.tgz",
      "integrity": "sha512-AOIgSQCepiJYwP3ARnGx+5VnTu2HBYdzbGP45eLw1vr3zB3vZLeyed1sC9hnbcOc9/SrMyM5RPQrkGz4aS9Zow==",
      "dev": true,
      "requires": {
        "is-glob": "^4.0.1"
      }
    },
    "globby": {
      "version": "11.1.0",
      "resolved": "https://registry.npmjs.org/globby/-/globby-11.1.0.tgz",
      "integrity": "sha512-jhIXaOzy1sb8IyocaruWSn1TjmnBVs8Ayhcy83rmxNJ8q2uWKCAj3CnJY+KpGSXCueAPc0i05kVvVKtP1t9S3g==",
      "dev": true,
      "requires": {
        "array-union": "^2.1.0",
        "dir-glob": "^3.0.1",
        "fast-glob": "^3.2.9",
        "ignore": "^5.2.0",
        "merge2": "^1.4.1",
        "slash": "^3.0.0"
      }
    },
    "gunning-fog": {
      "version": "2.0.1",
      "resolved": "https://registry.npmjs.org/gunning-fog/-/gunning-fog-2.0.1.tgz",
      "integrity": "sha512-cszyB/P2ET+MsNosEfzjNZhVVMeLKAKYV+5g5NrYPdzKzwKcpzPqlkM3D3l41qVyElT33RYX8tQTzYYX6mnmGQ=="
    },
    "hedges": {
      "version": "2.0.1",
      "resolved": "https://registry.npmjs.org/hedges/-/hedges-2.0.1.tgz",
      "integrity": "sha512-/TJb3QUphoIM/Vh2FcxR8GckKVzDRz816b5Afim5nQmZMizY6/n8/Q+8NI9XHrNgTFqDUsL6iyNk1008bGwS/g=="
    },
    "ignore": {
      "version": "5.2.4",
      "resolved": "https://registry.npmjs.org/ignore/-/ignore-5.2.4.tgz",
      "integrity": "sha512-MAb38BcSbH0eHNBxn7ql2NH/kX33OkB3lZ1BNdh7ENeRChHTYsTvWrMubiIAMNS2llXEEgZ1MUOBtXChP3kaFQ==",
      "dev": true
    },
    "is-buffer": {
      "version": "2.0.5",
      "resolved": "https://registry.npmjs.org/is-buffer/-/is-buffer-2.0.5.tgz",
      "integrity": "sha512-i2R6zNFDwgEHJyQUtJEk0XFi1i0dPFn/oqjK3/vPCcDeJvW5NQ83V8QbicfF1SupOaB0h8ntgBC2YiE7dfyctQ=="
    },
    "is-extglob": {
      "version": "2.1.1",
      "resolved": "https://registry.npmjs.org/is-extglob/-/is-extglob-2.1.1.tgz",
      "integrity": "sha512-SbKbANkN603Vi4jEZv49LeVJMn4yGwsbzZworEoyEiutsN3nJYdbO36zfhGJ6QEDpOZIFkDtnq5JRxmvl3jsoQ==",
      "dev": true
    },
    "is-glob": {
      "version": "4.0.3",
      "resolved": "https://registry.npmjs.org/is-glob/-/is-glob-4.0.3.tgz",
      "integrity": "sha512-xelSayHH36ZgE7ZWhli7pW34hNbNl8Ojv5KVmkJD4hBdD3th8Tfk9vYasLM+mXWOZhFkgZfxhLSnrwRr4elSSg==",
      "dev": true,
      "requires": {
        "is-extglob": "^2.1.1"
      }
    },
    "is-number": {
      "version": "7.0.0",
      "resolved": "https://registry.npmjs.org/is-number/-/is-number-7.0.0.tgz",
      "integrity": "sha512-41Cifkg6e8TylSpdtTpeLVMqvSBEVzTttHvERD741+pnZ8ANv0004MRL43QKPDlK9cGvNp6NZWZUBlbGXYxxng==",
      "dev": true
    },
    "is-plain-obj": {
      "version": "4.1.0",
      "resolved": "https://registry.npmjs.org/is-plain-obj/-/is-plain-obj-4.1.0.tgz",
      "integrity": "sha512-+Pgi+vMuUNkJyExiMBt5IlFoMyKnr5zhJ4Uspz58WOhBF5QoIZkFyNHIbBAtHwzVAgk5RtndVNsDRN61/mmDqg=="
    },
    "lru-cache": {
      "version": "6.0.0",
      "resolved": "https://registry.npmjs.org/lru-cache/-/lru-cache-6.0.0.tgz",
      "integrity": "sha512-Jo6dJ04CmSjuznwJSS3pUeWmd/H0ffTlkXXgwZi+eq1UCmqQwCh+eLsYOYCwY991i2Fah4h1BEMCx4qThGbsiA==",
      "dev": true,
      "requires": {
        "yallist": "^4.0.0"
      }
    },
    "merge2": {
      "version": "1.4.1",
      "resolved": "https://registry.npmjs.org/merge2/-/merge2-1.4.1.tgz",
      "integrity": "sha512-8q7VEgMJW4J8tcfVPy8g09NcQwZdbwFEqhe/WZkoIzjn/3TGDwtOCYtXGxA3O8tPzpczCCDgv+P2P5y00ZJOOg==",
      "dev": true
    },
    "micromatch": {
      "version": "4.0.5",
      "resolved": "https://registry.npmjs.org/micromatch/-/micromatch-4.0.5.tgz",
      "integrity": "sha512-DMy+ERcEW2q8Z2Po+WNXuw3c5YaUSFjAO5GsJqfEl7UjvtIuFKO6ZrKvcItdy98dwFI2N1tg3zNIdKaQT+aNdA==",
      "dev": true,
      "requires": {
        "braces": "^3.0.2",
        "picomatch": "^2.3.1"
      }
    },
    "moment": {
      "version": "2.29.4",
      "resolved": "https://registry.npmjs.org/moment/-/moment-2.29.4.tgz",
      "integrity": "sha512-5LC9SOxjSc2HF6vO2CyuTDNivEdoz2IvyJJGj6X8DJ0eFyfszE0QiEd+iXmBvUP3WHxSjFH/vIsA0EN00cgr8w==",
      "dev": true
    },
    "ms": {
      "version": "2.1.2",
      "resolved": "https://registry.npmjs.org/ms/-/ms-2.1.2.tgz",
      "integrity": "sha512-sGkPx+VjMtmA6MX27oA4FBFELFCZZ4S4XqeGOXCv68tT+jb3vk/RyaKWP0PTKyWtmLSM0b+adUTEvbs1PEaH2w==",
      "dev": true
    },
    "nlcst-is-literal": {
      "version": "2.1.1",
      "resolved": "https://registry.npmjs.org/nlcst-is-literal/-/nlcst-is-literal-2.1.1.tgz",
      "integrity": "sha512-/PyEKNHN+SrcrmnZRwszzZYbvZSN2AVD506+rfMUzyFHB0PtUmqZOdUuXmQxQeZXv6o29pT5chLjQJdC9weOCQ==",
      "requires": {
        "@types/nlcst": "^1.0.0",
        "@types/unist": "^2.0.0",
        "nlcst-to-string": "^3.0.0"
      }
    },
    "nlcst-normalize": {
      "version": "3.1.1",
      "resolved": "https://registry.npmjs.org/nlcst-normalize/-/nlcst-normalize-3.1.1.tgz",
      "integrity": "sha512-Fz6DhC0dmsuqilkz0viOScT+u9UGjgUpSrzo6yOZlcQ24F/m2BuoVF72KUOKZ06dRUeWyPpCSMxI5ONop9Qptw==",
      "requires": {
        "@types/nlcst": "^1.0.0",
        "nlcst-to-string": "^3.0.0"
      }
    },
    "nlcst-search": {
      "version": "3.1.1",
      "resolved": "https://registry.npmjs.org/nlcst-search/-/nlcst-search-3.1.1.tgz",
      "integrity": "sha512-0KsxSqFzSYWVDTo/SPde0RYf5LVmW1eAje8rbRJm+Lev1NzrWj2bIwtXfwGvfPbCi2ABsTV8bqmGAiF/EVqVWA==",
      "requires": {
        "@types/nlcst": "^1.0.0",
        "@types/unist": "^2.0.0",
        "nlcst-is-literal": "^2.0.0",
        "nlcst-normalize": "^3.0.0",
        "unist-util-visit": "^4.0.0"
      }
    },
    "nlcst-to-string": {
      "version": "3.1.1",
      "resolved": "https://registry.npmjs.org/nlcst-to-string/-/nlcst-to-string-3.1.1.tgz",
      "integrity": "sha512-63mVyqaqt0cmn2VcI2aH6kxe1rLAmSROqHMA0i4qqg1tidkfExgpb0FGMikMCn86mw5dFtBtEANfmSSK7TjNHw==",
      "requires": {
        "@types/nlcst": "^1.0.0"
      }
    },
    "normalize-strings": {
      "version": "1.1.1",
      "resolved": "https://registry.npmjs.org/normalize-strings/-/normalize-strings-1.1.1.tgz",
      "integrity": "sha512-fARPRdTwmrQDLYhmeh7j/eZwrCP6WzxD6uKOdK/hT/uKACAE9AG2Bc2dgqOZLkfmmctHpfcJ9w3AQnfLgg3GYg=="
    },
    "object-keys": {
      "version": "1.1.1",
      "resolved": "https://registry.npmjs.org/object-keys/-/object-keys-1.1.1.tgz",
      "integrity": "sha512-NuAESUOUMrlIXOfHKzD6bpPu3tYt3xvjNdRIQ+FeT0lNb4K8WR70CaDxhuNguS2XG+GjkyMwOzsN5ZktImfhLA=="
    },
    "obsidian": {
      "version": "1.3.5",
      "resolved": "https://registry.npmjs.org/obsidian/-/obsidian-1.3.5.tgz",
      "integrity": "sha512-2Zg9vlaEZw6fd2AohcdrC1kV+lZcb4a1Ju6GcIwdWaGOWj6l//7wbKD6vVhO2GlfoQRGARYu++eLo7FEc+f6Tw==",
      "dev": true,
      "requires": {
        "@types/codemirror": "5.60.8",
        "moment": "2.29.4"
      }
    },
    "parse-english": {
      "version": "5.0.0",
      "resolved": "https://registry.npmjs.org/parse-english/-/parse-english-5.0.0.tgz",
      "integrity": "sha512-sMe/JmsY6g21aJCAm8KgCH90a9zCZ7aGSriSJ5B0CcGEsDN7YmiCk3+1iKPE1heDG6zYY4Xf++V8llWtCvNBSQ==",
      "requires": {
        "nlcst-to-string": "^2.0.0",
        "parse-latin": "^5.0.0",
        "unist-util-modify-children": "^2.0.0",
        "unist-util-visit-children": "^1.0.0"
      },
      "dependencies": {
        "array-iterate": {
          "version": "1.1.4",
          "resolved": "https://registry.npmjs.org/array-iterate/-/array-iterate-1.1.4.tgz",
          "integrity": "sha512-sNRaPGh9nnmdC8Zf+pT3UqP8rnWj5Hf9wiFGsX3wUQ2yVSIhO2ShFwCoceIPpB41QF6i2OEmrHmCo36xronCVA=="
        },
        "nlcst-to-string": {
          "version": "2.0.4",
          "resolved": "https://registry.npmjs.org/nlcst-to-string/-/nlcst-to-string-2.0.4.tgz",
          "integrity": "sha512-3x3jwTd6UPG7vi5k4GEzvxJ5rDA7hVUIRNHPblKuMVP9Z3xmlsd9cgLcpAMkc5uPOBna82EeshROFhsPkbnTZg=="
        },
        "unist-util-modify-children": {
          "version": "2.0.0",
          "resolved": "https://registry.npmjs.org/unist-util-modify-children/-/unist-util-modify-children-2.0.0.tgz",
          "integrity": "sha512-HGrj7JQo9DwZt8XFsX8UD4gGqOsIlCih9opG6Y+N11XqkBGKzHo8cvDi+MfQQgiZ7zXRUiQREYHhjOBHERTMdg==",
          "requires": {
            "array-iterate": "^1.0.0"
          }
        },
        "unist-util-visit-children": {
          "version": "1.1.4",
          "resolved": "https://registry.npmjs.org/unist-util-visit-children/-/unist-util-visit-children-1.1.4.tgz",
          "integrity": "sha512-sA/nXwYRCQVRwZU2/tQWUqJ9JSFM1X3x7JIOsIgSzrFHcfVt6NkzDtKzyxg2cZWkCwGF9CO8x4QNZRJRMK8FeQ=="
        }
      }
    },
    "parse-latin": {
      "version": "5.0.1",
      "resolved": "https://registry.npmjs.org/parse-latin/-/parse-latin-5.0.1.tgz",
      "integrity": "sha512-b/K8ExXaWC9t34kKeDV8kGXBkXZ1HCSAZRYE7HR14eA1GlXX5L8iWhs8USJNhQU9q5ci413jCKF0gOyovvyRBg==",
      "requires": {
        "nlcst-to-string": "^3.0.0",
        "unist-util-modify-children": "^3.0.0",
        "unist-util-visit-children": "^2.0.0"
      }
    },
    "path-type": {
      "version": "4.0.0",
      "resolved": "https://registry.npmjs.org/path-type/-/path-type-4.0.0.tgz",
      "integrity": "sha512-gDKb8aZMDeD/tZWs9P6+q0J9Mwkdl6xMV8TjnGP3qJVJ06bdMgkbBlLU8IdfOsIsFz2BW1rNVT3XuNEl8zPAvw==",
      "dev": true
    },
    "picomatch": {
      "version": "2.3.1",
      "resolved": "https://registry.npmjs.org/picomatch/-/picomatch-2.3.1.tgz",
      "integrity": "sha512-JU3teHTNjmE2VCGFzuY8EXzCDVwEqB2a8fsIvwaStHhAWJEeVd1o1QD80CU6+ZdEXXSLbSsuLwJjkCBWqRQUVA==",
      "dev": true
    },
    "pluralize": {
      "version": "8.0.0",
      "resolved": "https://registry.npmjs.org/pluralize/-/pluralize-8.0.0.tgz",
      "integrity": "sha512-Nc3IT5yHzflTfbjgqWcCPpo7DaKy4FnpB0l/zCAW0Tc7jxAiuqSxHasntB3D7887LSrA93kDJ9IXovxJYxyLCA=="
    },
    "queue-microtask": {
      "version": "1.2.3",
      "resolved": "https://registry.npmjs.org/queue-microtask/-/queue-microtask-1.2.3.tgz",
      "integrity": "sha512-NuaNSa6flKT5JaSYQzJok04JzTL1CA6aGhv5rfLW3PgqA+M2ChpZQnAC8h8i4ZFkBS8X5RqkDBHA7r4hej3K9A==",
      "dev": true
    },
    "quotation": {
      "version": "2.0.2",
      "resolved": "https://registry.npmjs.org/quotation/-/quotation-2.0.2.tgz",
      "integrity": "sha512-FeUlLe40ROXHVWLZkzmeR2PNYWdkvTXEXhW6FX8axRv1ODt8Gxed3APrE1Qb5i1n70ZzZGRmvs0jY3v/BRcJQQ=="
    },
    "regexpp": {
      "version": "3.2.0",
      "resolved": "https://registry.npmjs.org/regexpp/-/regexpp-3.2.0.tgz",
      "integrity": "sha512-pq2bWo9mVD43nbts2wGv17XLiNLya+GklZ8kaDLV2Z08gDCsGpnKn9BFMepvWuHCbyVvY7J5o5+BVvoQbmlJLg==",
      "dev": true
    },
    "retext": {
      "version": "8.1.0",
      "resolved": "https://registry.npmjs.org/retext/-/retext-8.1.0.tgz",
      "integrity": "sha512-N9/Kq7YTn6ZpzfiGW45WfEGJqFf1IM1q8OsRa1CGzIebCJBNCANDRmOrholiDRGKo/We7ofKR4SEvcGAWEMD3Q==",
      "requires": {
        "@types/nlcst": "^1.0.0",
        "retext-latin": "^3.0.0",
        "retext-stringify": "^3.0.0",
        "unified": "^10.0.0"
      }
    },
    "retext-english": {
      "version": "4.1.0",
      "resolved": "https://registry.npmjs.org/retext-english/-/retext-english-4.1.0.tgz",
      "integrity": "sha512-Pky2idjvgkzfodO0GH9X4IU8LX/d4ULTnLf7S1WsBRlSCh/JdTFPafXZstJqZehtQWNHrgoCqVOiGugsNFYvIQ==",
      "requires": {
        "@types/nlcst": "^1.0.0",
        "parse-english": "^5.0.0",
        "unherit": "^3.0.0",
        "unified": "^10.0.0"
      }
    },
    "retext-intensify": {
      "version": "6.2.0",
      "resolved": "https://registry.npmjs.org/retext-intensify/-/retext-intensify-6.2.0.tgz",
      "integrity": "sha512-zfaJO0xfU7ABfj3z9Riv4YvSVeBcF2IXRhXqvqsRG06IEKaAqAu6h1kYOAtf/p6yk63kRfpeHJka2iJ12vchfA==",
      "requires": {
        "@types/nlcst": "^1.0.0",
        "fillers": "^2.0.0",
        "hedges": "^2.0.0",
        "nlcst-search": "^3.0.0",
        "nlcst-to-string": "^3.0.0",
        "quotation": "^2.0.0",
        "unified": "^10.0.0",
        "unist-util-position": "^4.0.0",
        "weasels": "^2.0.0"
      }
    },
    "retext-latin": {
      "version": "3.1.0",
      "resolved": "https://registry.npmjs.org/retext-latin/-/retext-latin-3.1.0.tgz",
      "integrity": "sha512-5MrD1tuebzO8ppsja5eEu+ZbBeUNCjoEarn70tkXOS7Bdsdf6tNahsv2bY0Z8VooFF6cw7/6S+d3yI/TMlMVVQ==",
      "requires": {
        "@types/nlcst": "^1.0.0",
        "parse-latin": "^5.0.0",
        "unherit": "^3.0.0",
        "unified": "^10.0.0"
      }
    },
    "retext-passive": {
      "version": "4.2.0",
      "resolved": "https://registry.npmjs.org/retext-passive/-/retext-passive-4.2.0.tgz",
      "integrity": "sha512-sTzXDmpB1Vvb54bWIzf1rt/8tel8RrEI9MPZzyrseDOB5YsjeR/t7JiHx8jlDGwifLCNtBPPiy2EIkzBV7t6nQ==",
      "requires": {
        "@types/nlcst": "^1.0.0",
        "nlcst-search": "^3.0.0",
        "nlcst-to-string": "^3.0.0",
        "unified": "^10.0.0",
        "unist-util-find-before": "^3.0.0",
        "unist-util-position": "^4.0.0"
      }
    },
    "retext-readability": {
      "version": "7.2.0",
      "resolved": "https://registry.npmjs.org/retext-readability/-/retext-readability-7.2.0.tgz",
      "integrity": "sha512-AgrhXCnldut8wPSVT8cGiq5htkNkfdcuC0oFqDpu4FCxgYXGI464mTS8uMNYBMwrv/l1baBP8RisKp7kU28IaA==",
      "requires": {
        "@types/nlcst": "^1.0.0",
        "automated-readability": "^2.0.0",
        "coleman-liau": "^2.0.0",
        "dale-chall": "^2.0.0",
        "dale-chall-formula": "^2.0.0",
        "flesch": "^2.0.0",
        "gunning-fog": "^2.0.0",
        "nlcst-to-string": "^3.0.0",
        "smog-formula": "^2.0.0",
        "spache": "^2.0.0",
        "spache-formula": "^2.0.0",
        "syllable": "^5.0.0",
        "unified": "^10.0.0",
        "unist-util-visit": "^4.0.0"
      }
    },
    "retext-simplify": {
      "version": "7.2.0",
      "resolved": "https://registry.npmjs.org/retext-simplify/-/retext-simplify-7.2.0.tgz",
      "integrity": "sha512-zJ4RWGZmNMulaRj6Bc/ndRFDO7k3ZZ+owVtp3DBQt029JQQnixwb3fsjc76yMfSCBOeKGgJoN7GBqBhCTgQVCg==",
      "requires": {
        "@types/nlcst": "^1.0.0",
        "nlcst-search": "^3.0.0",
        "nlcst-to-string": "^3.0.0",
        "object-keys": "^1.0.9",
        "quotation": "^2.0.0",
        "unified": "^10.0.0",
        "unist-util-position": "^4.0.0"
      }
    },
    "retext-stringify": {
      "version": "3.1.0",
      "resolved": "https://registry.npmjs.org/retext-stringify/-/retext-stringify-3.1.0.tgz",
      "integrity": "sha512-767TLOaoXFXyOnjx/EggXlb37ZD2u4P1n0GJqVdpipqACsQP+20W+BNpMYrlJkq7hxffnFk+jc6mAK9qrbuB8w==",
      "requires": {
        "@types/nlcst": "^1.0.0",
        "nlcst-to-string": "^3.0.0",
        "unified": "^10.0.0"
      }
    },
    "retext-syntax-mentions": {
      "version": "3.1.0",
      "resolved": "https://registry.npmjs.org/retext-syntax-mentions/-/retext-syntax-mentions-3.1.0.tgz",
      "integrity": "sha512-xcHHHOm3coErzrxtXN3S75UJ1S+WUJXKes5Mpu8WyVmMMYVC5qjSoBlYLHx1+jztq+KmYYkG3rbM3it2J4y7jA==",
      "requires": {
        "@types/nlcst": "^1.0.0",
        "nlcst-to-string": "^3.0.0",
        "unified": "^10.0.0",
        "unist-util-position": "^4.0.0",
        "unist-util-visit": "^4.0.0"
      }
    },
    "retext-syntax-urls": {
      "version": "3.1.2",
      "resolved": "https://registry.npmjs.org/retext-syntax-urls/-/retext-syntax-urls-3.1.2.tgz",
      "integrity": "sha512-CFuqX1x7GPFQRMPTA88bjrD0l8jTN7Y5Zp8QVr9ToWyJRChIMqUlPq4HfOJbKdDfcwhTVZvh/jRyxLc/K6Tc4g==",
      "requires": {
        "@types/nlcst": "^1.0.0",
        "@types/unist": "^2.0.0",
        "ccount": "^2.0.0",
        "nlcst-to-string": "^3.0.0",
        "unified": "^10.0.0",
        "unist-util-modify-children": "^3.0.0",
        "unist-util-position": "^4.0.0"
      }
    },
    "reusify": {
      "version": "1.0.4",
      "resolved": "https://registry.npmjs.org/reusify/-/reusify-1.0.4.tgz",
      "integrity": "sha512-U9nH88a3fc/ekCF1l0/UP1IosiuIjyTh7hBvXVMHYgVcfGvt897Xguj2UOLDeI5BG2m7/uwyaLVT6fbtCwTyzw==",
      "dev": true
    },
    "run-parallel": {
      "version": "1.2.0",
      "resolved": "https://registry.npmjs.org/run-parallel/-/run-parallel-1.2.0.tgz",
      "integrity": "sha512-5l4VyZR86LZ/lDxZTR6jqL8AFE2S0IFLMP26AbjsLVADxHdhB/c0GUsH+y39UfCi3dzz8OlQuPmnaJOMoDHQBA==",
      "dev": true,
      "requires": {
        "queue-microtask": "^1.2.2"
      }
    },
    "semver": {
      "version": "7.5.4",
      "resolved": "https://registry.npmjs.org/semver/-/semver-7.5.4.tgz",
      "integrity": "sha512-1bCSESV6Pv+i21Hvpxp3Dx+pSD8lIPt8uVjRrxAUt/nbswYc+tK6Y2btiULjd4+fnq15PX+nqQDC7Oft7WkwcA==",
      "dev": true,
      "requires": {
        "lru-cache": "^6.0.0"
      }
    },
    "slash": {
      "version": "3.0.0",
      "resolved": "https://registry.npmjs.org/slash/-/slash-3.0.0.tgz",
      "integrity": "sha512-g9Q1haeby36OSStwb4ntCGGGaKsaVSjQ68fBxoQcutl5fS1vuY18H3wSt3jFyFtrkx+Kz0V1G85A4MyAdDMi2Q==",
      "dev": true
    },
    "smog-formula": {
      "version": "2.0.1",
      "resolved": "https://registry.npmjs.org/smog-formula/-/smog-formula-2.0.1.tgz",
      "integrity": "sha512-CuJPMBnQhWrB3AE5v6z5cEbJYdMcqnHXVgNHfWoWqYes/dU64SbX8+ZVT5L9xc5J3eLcZpKKGIi89Ti4HbdXBQ=="
    },
    "spache": {
      "version": "2.0.1",
      "resolved": "https://registry.npmjs.org/spache/-/spache-2.0.1.tgz",
      "integrity": "sha512-MwoZvTF//ID33YVXDpY2S54NNLQM+Bb+hzYKuMhGZbfHMUSK8iFJRlJSesA29CF5owkR5Ep24gCwriHBkH/nBQ=="
    },
    "spache-formula": {
      "version": "2.0.1",
      "resolved": "https://registry.npmjs.org/spache-formula/-/spache-formula-2.0.1.tgz",
      "integrity": "sha512-lzMAusZwEU1iS9dD9PEnsve8R64/M59GhBcHsVc19bp7I+//LU9OYqlb64upr0T3/s9rgssx+x26xk8aHGgLJw=="
    },
    "style-mod": {
      "version": "4.0.3",
      "resolved": "https://registry.npmjs.org/style-mod/-/style-mod-4.0.3.tgz",
      "integrity": "sha512-78Jv8kYJdjbvRwwijtCevYADfsI0lGzYJe4mMFdceO8l75DFFDoqBhR1jVDicDRRaX4//g1u9wKeo+ztc2h1Rw=="
    },
    "syllable": {
      "version": "5.0.1",
      "resolved": "https://registry.npmjs.org/syllable/-/syllable-5.0.1.tgz",
      "integrity": "sha512-HWtNCp6v7J8H0lrT8j1HHjfOLltRoDcC7QRFVu25p4BE52JqetXG65nqC7CsatT8WQRfY4Qvh93BWJIUxbmXFg==",
      "requires": {
        "@types/pluralize": "^0.0.29",
        "normalize-strings": "^1.1.0",
        "pluralize": "^8.0.0"
      }
    },
    "to-regex-range": {
      "version": "5.0.1",
      "resolved": "https://registry.npmjs.org/to-regex-range/-/to-regex-range-5.0.1.tgz",
      "integrity": "sha512-65P7iz6X5yEr1cwcgvQxbbIw7Uk3gOy5dIdtZ4rDveLqhrdJP+Li/Hx6tyK0NEb+2GCyneCMJiGqrADCSNk8sQ==",
      "dev": true,
      "requires": {
        "is-number": "^7.0.0"
      }
    },
    "trough": {
      "version": "2.1.0",
      "resolved": "https://registry.npmjs.org/trough/-/trough-2.1.0.tgz",
      "integrity": "sha512-AqTiAOLcj85xS7vQ8QkAV41hPDIJ71XJB4RCUrzo/1GM2CQwhkJGaf9Hgr7BOugMRpgGUrqRg/DrBDl4H40+8g=="
    },
    "tslib": {
      "version": "2.4.0",
      "resolved": "https://registry.npmjs.org/tslib/-/tslib-2.4.0.tgz",
      "integrity": "sha512-d6xOpEDfsi2CZVlPQzGeux8XMwLT9hssAsaPYExaQMuYskwb+x1x7J371tWlbBdWHroy99KnVB6qIkUbs5X3UQ==",
      "dev": true
    },
    "tsutils": {
      "version": "3.21.0",
      "resolved": "https://registry.npmjs.org/tsutils/-/tsutils-3.21.0.tgz",
      "integrity": "sha512-mHKK3iUXL+3UF6xL5k0PEhKRUBKPBCv/+RkEOpjRWxxx27KKRBmmA60A9pgOUvMi8GKhRMPEmjBRPzs2W7O1OA==",
      "dev": true,
      "requires": {
        "tslib": "^1.8.1"
      },
      "dependencies": {
        "tslib": {
          "version": "1.14.1",
          "resolved": "https://registry.npmjs.org/tslib/-/tslib-1.14.1.tgz",
          "integrity": "sha512-Xni35NKzjgMrwevysHTCArtLDpPvye8zV/0E4EyYn43P7/7qvQwPh9BGkHewbMulVntbigmcT7rdX3BNo9wRJg==",
          "dev": true
        }
      }
    },
    "typescript": {
      "version": "4.7.4",
      "resolved": "https://registry.npmjs.org/typescript/-/typescript-4.7.4.tgz",
      "integrity": "sha512-C0WQT0gezHuw6AdY1M2jxUO83Rjf0HP7Sk1DtXj6j1EwkQNZrHAg2XPWlq62oqEhYvONq5pkC2Y9oPljWToLmQ==",
      "dev": true
    },
    "unherit": {
      "version": "3.0.1",
      "resolved": "https://registry.npmjs.org/unherit/-/unherit-3.0.1.tgz",
      "integrity": "sha512-akOOQ/Yln8a2sgcLj4U0Jmx0R5jpIg2IUyRrWOzmEbjBtGzBdHtSeFKgoEcoH4KYIG/Pb8GQ/BwtYm0GCq1Sqg=="
    },
    "unified": {
      "version": "10.1.2",
      "resolved": "https://registry.npmjs.org/unified/-/unified-10.1.2.tgz",
      "integrity": "sha512-pUSWAi/RAnVy1Pif2kAoeWNBa3JVrx0MId2LASj8G+7AiHWoKZNTomq6LG326T68U7/e263X6fTdcXIy7XnF7Q==",
      "requires": {
        "@types/unist": "^2.0.0",
        "bail": "^2.0.0",
        "extend": "^3.0.0",
        "is-buffer": "^2.0.0",
        "is-plain-obj": "^4.0.0",
        "trough": "^2.0.0",
        "vfile": "^5.0.0"
      }
    },
    "unist-util-find-before": {
      "version": "3.0.1",
      "resolved": "https://registry.npmjs.org/unist-util-find-before/-/unist-util-find-before-3.0.1.tgz",
      "integrity": "sha512-teGlW6zc5yFIZxZdOEAPrBXYTXfucZ/ubAM+UDn6wdKLAnCT6GWTp4pPOFfCbg6QnQ43tMl3iAtGDhP0vhZPow==",
      "requires": {
        "@types/unist": "^2.0.0",
        "unist-util-is": "^5.0.0"
      }
    },
    "unist-util-is": {
      "version": "5.2.1",
      "resolved": "https://registry.npmjs.org/unist-util-is/-/unist-util-is-5.2.1.tgz",
      "integrity": "sha512-u9njyyfEh43npf1M+yGKDGVPbY/JWEemg5nH05ncKPfi+kBbKBJoTdsogMu33uhytuLlv9y0O7GH7fEdwLdLQw==",
      "requires": {
        "@types/unist": "^2.0.0"
      }
    },
    "unist-util-modify-children": {
      "version": "3.1.1",
      "resolved": "https://registry.npmjs.org/unist-util-modify-children/-/unist-util-modify-children-3.1.1.tgz",
      "integrity": "sha512-yXi4Lm+TG5VG+qvokP6tpnk+r1EPwyYL04JWDxLvgvPV40jANh7nm3udk65OOWquvbMDe+PL9+LmkxDpTv/7BA==",
      "requires": {
        "@types/unist": "^2.0.0",
        "array-iterate": "^2.0.0"
      }
    },
    "unist-util-position": {
      "version": "4.0.4",
      "resolved": "https://registry.npmjs.org/unist-util-position/-/unist-util-position-4.0.4.tgz",
      "integrity": "sha512-kUBE91efOWfIVBo8xzh/uZQ7p9ffYRtUbMRZBNFYwf0RK8koUMx6dGUfwylLOKmaT2cs4wSW96QoYUSXAyEtpg==",
      "requires": {
        "@types/unist": "^2.0.0"
      }
    },
    "unist-util-stringify-position": {
      "version": "3.0.3",
      "resolved": "https://registry.npmjs.org/unist-util-stringify-position/-/unist-util-stringify-position-3.0.3.tgz",
      "integrity": "sha512-k5GzIBZ/QatR8N5X2y+drfpWG8IDBzdnVj6OInRNWm1oXrzydiaAT2OQiA8DPRRZyAKb9b6I2a6PxYklZD0gKg==",
      "requires": {
        "@types/unist": "^2.0.0"
      }
    },
    "unist-util-visit": {
      "version": "4.1.2",
      "resolved": "https://registry.npmjs.org/unist-util-visit/-/unist-util-visit-4.1.2.tgz",
      "integrity": "sha512-MSd8OUGISqHdVvfY9TPhyK2VdUrPgxkUtWSuMHF6XAAFuL4LokseigBnZtPnJMu+FbynTkFNnFlyjxpVKujMRg==",
      "requires": {
        "@types/unist": "^2.0.0",
        "unist-util-is": "^5.0.0",
        "unist-util-visit-parents": "^5.1.1"
      }
    },
    "unist-util-visit-children": {
      "version": "2.0.2",
      "resolved": "https://registry.npmjs.org/unist-util-visit-children/-/unist-util-visit-children-2.0.2.tgz",
      "integrity": "sha512-+LWpMFqyUwLGpsQxpumsQ9o9DG2VGLFrpz+rpVXYIEdPy57GSy5HioC0g3bg/8WP9oCLlapQtklOzQ8uLS496Q==",
      "requires": {
        "@types/unist": "^2.0.0"
      }
    },
    "unist-util-visit-parents": {
      "version": "5.1.3",
      "resolved": "https://registry.npmjs.org/unist-util-visit-parents/-/unist-util-visit-parents-5.1.3.tgz",
      "integrity": "sha512-x6+y8g7wWMyQhL1iZfhIPhDAs7Xwbn9nRosDXl7qoPTSCy0yNxnKc+hWokFifWQIDGi154rdUqKvbCa4+1kLhg==",
      "requires": {
        "@types/unist": "^2.0.0",
        "unist-util-is": "^5.0.0"
      }
    },
    "vfile": {
      "version": "5.3.7",
      "resolved": "https://registry.npmjs.org/vfile/-/vfile-5.3.7.tgz",
      "integrity": "sha512-r7qlzkgErKjobAmyNIkkSpizsFPYiUPuJb5pNW1RB4JcYVZhs4lIbVqk8XPk033CV/1z8ss5pkax8SuhGpcG8g==",
      "requires": {
        "@types/unist": "^2.0.0",
        "is-buffer": "^2.0.0",
        "unist-util-stringify-position": "^3.0.0",
        "vfile-message": "^3.0.0"
      }
    },
    "vfile-message": {
      "version": "3.1.4",
      "resolved": "https://registry.npmjs.org/vfile-message/-/vfile-message-3.1.4.tgz",
      "integrity": "sha512-fa0Z6P8HUrQN4BZaX05SIVXic+7kE3b05PWAtPuYP9QLHsLKYR7/AlLW3NtOrpXRLeawpDLMsVkmk5DG0NXgWw==",
      "requires": {
        "@types/unist": "^2.0.0",
        "unist-util-stringify-position": "^3.0.0"
      }
    },
    "w3c-keyname": {
      "version": "2.2.8",
      "resolved": "https://registry.npmjs.org/w3c-keyname/-/w3c-keyname-2.2.8.tgz",
      "integrity": "sha512-dpojBhNsCNN7T82Tm7k26A6G9ML3NkhDsnw9n/eoxSRlVBB4CEtIQ/KTCLI2Fwf3ataSXRhYFkQi3SlnFwPvPQ=="
    },
    "weasels": {
      "version": "2.0.1",
      "resolved": "https://registry.npmjs.org/weasels/-/weasels-2.0.1.tgz",
      "integrity": "sha512-gRFUOte0u784vpfASyx4dQYprkWFCGQYNVx0y7wMWH90UyNJ9eXyI+C/gPuBFSEPX3r4C3574ury0ICQCiPHEg=="
    },
    "yallist": {
      "version": "4.0.0",
      "resolved": "https://registry.npmjs.org/yallist/-/yallist-4.0.0.tgz",
      "integrity": "sha512-3wdGidZyq5PB084XLES5TpOSRA3wjXAlIWMhum2kRcv/41Sn2emQ0dycQW4uZXLejwKvg6EsvbdlVL+FYEct7A==",
      "dev": true
    }
  }
}
